{
  "name": "@lollipop-onl/vuex-typesafe-helper",
  "version": "0.2.6",
  "lockfileVersion": 1,
  "requires": true,
  "dependencies": {
    "@nuxt/vue-app": {
      "version": "2.8.1",
      "resolved": "https://registry.npmjs.org/@nuxt/vue-app/-/vue-app-2.8.1.tgz",
      "integrity": "sha512-LNIrgWmXxyDf3o8fAF9rWJgmzAGbmsPaBWWPw7iUUADVPAeQP0CI+NDoxbIwcIOpo4nP3oqrtUfdj/xNd89CNw==",
      "dev": true,
      "requires": {
        "node-fetch": "^2.6.0",
        "unfetch": "^4.1.0",
        "vue": "^2.6.10",
        "vue-meta": "^1.6.0",
        "vue-no-ssr": "^1.1.1",
        "vue-router": "^3.0.6",
        "vue-template-compiler": "^2.6.10",
        "vuex": "^3.1.1"
      }
    },
    "conditional-type-checks": {
      "version": "1.0.1",
      "resolved": "https://registry.npmjs.org/conditional-type-checks/-/conditional-type-checks-1.0.1.tgz",
      "integrity": "sha512-+O/IE/QGjXzdk4ttJFLRQm8pofQE0KZZmgcamquUGhHfaZt0UTZMlklqW0J9tWO8HQvC70cPahEAVMwSfeqtuQ==",
      "dev": true
    },
    "de-indent": {
      "version": "1.0.2",
      "resolved": "https://registry.npmjs.org/de-indent/-/de-indent-1.0.2.tgz",
      "integrity": "sha1-sgOOhG3DO6pXlhKNCAS0VbjB4h0=",
      "dev": true
    },
    "deepmerge": {
      "version": "3.3.0",
      "resolved": "https://registry.npmjs.org/deepmerge/-/deepmerge-3.3.0.tgz",
      "integrity": "sha512-GRQOafGHwMHpjPx9iCvTgpu9NojZ49q794EEL94JVEw6VaeA8XTUyBKvAkOOjBX9oJNiV6G3P+T+tihFjo2TqA==",
      "dev": true
    },
    "he": {
      "version": "1.2.0",
      "resolved": "https://registry.npmjs.org/he/-/he-1.2.0.tgz",
      "integrity": "sha512-F/1DnUGPopORZi0ni+CvrCgHQ5FyEAHRLSApuYWMmrbSwoN2Mn/7k+Gl38gJnR7yyDZk6WLXwiGod1JOWNDKGw==",
      "dev": true
    },
    "lodash.isplainobject": {
      "version": "4.0.6",
      "resolved": "https://registry.npmjs.org/lodash.isplainobject/-/lodash.isplainobject-4.0.6.tgz",
      "integrity": "sha1-fFJqUtibRcRcxpC4gWO+BJf1UMs=",
      "dev": true
    },
    "lodash.uniqueid": {
      "version": "4.0.1",
      "resolved": "https://registry.npmjs.org/lodash.uniqueid/-/lodash.uniqueid-4.0.1.tgz",
      "integrity": "sha1-MmjyanyI5PSxdY1nknGBTjH6WyY=",
      "dev": true
    },
    "node-fetch": {
      "version": "2.6.0",
      "resolved": "https://registry.npmjs.org/node-fetch/-/node-fetch-2.6.0.tgz",
      "integrity": "sha512-8dG4H5ujfvFiqDmVu9fQ5bOHUC15JMjMY/Zumv26oOvvVJjM67KF8koCWIabKQ1GJIa9r2mMZscBq/TbdOcmNA==",
      "dev": true
    },
    "object-assign": {
      "version": "4.1.1",
      "resolved": "https://registry.npmjs.org/object-assign/-/object-assign-4.1.1.tgz",
      "integrity": "sha1-IQmtx5ZYh8/AXLvUQsrIv7s2CGM=",
      "dev": true
    },
    "typescript": {
      "version": "3.4.5",
      "resolved": "https://registry.npmjs.org/typescript/-/typescript-3.4.5.tgz",
      "integrity": "sha512-YycBxUb49UUhdNMU5aJ7z5Ej2XGmaIBL0x34vZ82fn3hGvD+bgrMrVDpatgz2f7YxUMJxMkbWxJZeAvDxVe7Vw=="
    },
    "unfetch": {
      "version": "4.1.0",
      "resolved": "https://registry.npmjs.org/unfetch/-/unfetch-4.1.0.tgz",
      "integrity": "sha512-crP/n3eAPUJxZXM9T80/yv0YhkTEx2K1D3h7D1AJM6fzsWZrxdyRuLN0JH/dkZh1LNH8LxCnBzoPFCPbb2iGpg==",
      "dev": true
    },
    "vue": {
      "version": "2.6.10",
      "resolved": "https://registry.npmjs.org/vue/-/vue-2.6.10.tgz",
      "integrity": "sha512-ImThpeNU9HbdZL3utgMCq0oiMzAkt1mcgy3/E6zWC/G6AaQoeuFdsl9nDhTDU3X1R6FK7nsIUuRACVcjI+A2GQ=="
    },
    "vue-class-component": {
      "version": "7.1.0",
      "resolved": "https://registry.npmjs.org/vue-class-component/-/vue-class-component-7.1.0.tgz",
      "integrity": "sha512-G9152NzUkz0i0xTfhk0Afc8vzdXxDR1pfN4dTwE72cskkgJtdXfrKBkMfGvDuxUh35U500g5Ve4xL8PEGdWeHg==",
      "dev": true
    },
    "vue-meta": {
      "version": "1.6.0",
      "resolved": "https://registry.npmjs.org/vue-meta/-/vue-meta-1.6.0.tgz",
      "integrity": "sha512-LLHejsOYbJiSEDSgZvjHB3fFY7lUxsDFLkuSqf5eBohEvhhddBTOHa3heoFTcI5sxsZSZt26uUzoLVe4CT6Y4A==",
      "dev": true,
      "requires": {
        "deepmerge": "^3.2.0",
        "lodash.isplainobject": "^4.0.6",
        "lodash.uniqueid": "^4.0.1",
        "object-assign": "^4.1.1"
      }
    },
    "vue-no-ssr": {
      "version": "1.1.1",
      "resolved": "https://registry.npmjs.org/vue-no-ssr/-/vue-no-ssr-1.1.1.tgz",
      "integrity": "sha512-ZMjqRpWabMPqPc7gIrG0Nw6vRf1+itwf0Itft7LbMXs2g3Zs/NFmevjZGN1x7K3Q95GmIjWbQZTVerxiBxI+0g==",
      "dev": true
    },
    "vue-property-decorator": {
      "version": "8.2.1",
      "resolved": "https://registry.npmjs.org/vue-property-decorator/-/vue-property-decorator-8.2.1.tgz",
      "integrity": "sha512-zgtcvzGB2JpDqnIxVhTK+6m+dv3uyhYs+tL8elL+DWiXj9kDonKcPY7f1DHYX1NlnWPCj7ht0nL/i8+S1gg76Q==",
      "dev": true,
      "requires": {
        "vue": "^2.6.10",
        "vue-class-component": "^7.0.1"
      }
    },
    "vue-router": {
      "version": "3.0.7",
      "resolved": "https://registry.npmjs.org/vue-router/-/vue-router-3.0.7.tgz",
      "integrity": "sha512-utJ+QR3YlIC/6x6xq17UMXeAfxEvXA0VKD3PiSio7hBOZNusA1jXcbxZxVEfJunLp48oonjTepY8ORoIlRx/EQ==",
      "dev": true
    },
    "vue-template-compiler": {
      "version": "2.6.10",
      "resolved": "https://registry.npmjs.org/vue-template-compiler/-/vue-template-compiler-2.6.10.tgz",
      "integrity": "sha512-jVZkw4/I/HT5ZMvRnhv78okGusqe0+qH2A0Em0Cp8aq78+NK9TII263CDVz2QXZsIT+yyV/gZc/j/vlwa+Epyg==",
      "dev": true,
      "requires": {
        "de-indent": "^1.0.2",
        "he": "^1.1.0"
      }
    },
    "vuex": {
      "version": "3.1.1",
      "resolved": "https://registry.npmjs.org/vuex/-/vuex-3.1.1.tgz",
      "integrity": "sha512-ER5moSbLZuNSMBFnEBVGhQ1uCBNJslH9W/Dw2W7GZN23UQA69uapP5GTT9Vm8Trc0PzBSVt6LzF3hGjmv41xcg=="
    }
  }
}
