# THIS IS AN AUTOGENERATED FILE. DO NOT EDIT THIS FILE DIRECTLY.
# yarn lockfile v1


"@nuxt/vue-app@^2.8.1":
  version "2.9.2"
  resolved "https://registry.yarnpkg.com/@nuxt/vue-app/-/vue-app-2.9.2.tgz#725b1f6c4ac955b990ce3db68f9ae19a8d578c5b"
  integrity sha512-zLoCvA3+UVfdikfol7plPukP0GddU1LdgkV+1EDeVUm22PNgt/OdYN3z5kJIZEfZoLpfMbtF8NsBVWrehPuoFQ==
  dependencies:
    node-fetch "^2.6.0"
    unfetch "^4.1.0"
    vue "^2.6.10"
    vue-client-only "^2.0.0"
    vue-meta "^2.2.1"
    vue-no-ssr "^1.1.1"
    vue-router "~3.0.7"
    vue-template-compiler "^2.6.10"
    vuex "^3.1.1"

conditional-type-checks@^1.0.1:
  version "1.0.1"
  resolved "https://registry.yarnpkg.com/conditional-type-checks/-/conditional-type-checks-1.0.1.tgz#0905a8631ea11bf155e7a6edb6d6b55c2e50520e"
  integrity sha512-+O/IE/QGjXzdk4ttJFLRQm8pofQE0KZZmgcamquUGhHfaZt0UTZMlklqW0J9tWO8HQvC70cPahEAVMwSfeqtuQ==

de-indent@^1.0.2:
  version "1.0.2"
  resolved "https://registry.yarnpkg.com/de-indent/-/de-indent-1.0.2.tgz#b2038e846dc33baa5796128d0804b455b8c1e21d"
  integrity sha1-sgOOhG3DO6pXlhKNCAS0VbjB4h0=

deepmerge@^4.0.0:
  version "4.0.0"
  resolved "https://registry.yarnpkg.com/deepmerge/-/deepmerge-4.0.0.tgz#3e3110ca29205f120d7cb064960a39c3d2087c09"
  integrity sha512-YZ1rOP5+kHor4hMAH+HRQnBQHg+wvS1un1hAOuIcxcBy0hzcUf6Jg2a1w65kpoOUnurOfZbERwjI1TfZxNjcww==

he@^1.1.0:
  version "1.2.0"
  resolved "https://registry.yarnpkg.com/he/-/he-1.2.0.tgz#84ae65fa7eafb165fddb61566ae14baf05664f0f"
  integrity sha512-F/1DnUGPopORZi0ni+CvrCgHQ5FyEAHRLSApuYWMmrbSwoN2Mn/7k+Gl38gJnR7yyDZk6WLXwiGod1JOWNDKGw==

node-fetch@^2.6.0:
  version "2.6.0"
  resolved "https://registry.yarnpkg.com/node-fetch/-/node-fetch-2.6.0.tgz#e633456386d4aa55863f676a7ab0daa8fdecb0fd"
  integrity sha512-8dG4H5ujfvFiqDmVu9fQ5bOHUC15JMjMY/Zumv26oOvvVJjM67KF8koCWIabKQ1GJIa9r2mMZscBq/TbdOcmNA==

typescript@^3.4.5:
  version "3.6.3"
  resolved "https://registry.yarnpkg.com/typescript/-/typescript-3.6.3.tgz#fea942fabb20f7e1ca7164ff626f1a9f3f70b4da"
  integrity sha512-N7bceJL1CtRQ2RiG0AQME13ksR7DiuQh/QehubYcghzv20tnh+MQnQIuJddTmsbqYj+dztchykemz0zFzlvdQw==

unfetch@^4.1.0:
  version "4.1.0"
  resolved "https://registry.yarnpkg.com/unfetch/-/unfetch-4.1.0.tgz#6ec2dd0de887e58a4dee83a050ded80ffc4137db"
  integrity sha512-crP/n3eAPUJxZXM9T80/yv0YhkTEx2K1D3h7D1AJM6fzsWZrxdyRuLN0JH/dkZh1LNH8LxCnBzoPFCPbb2iGpg==

vue-class-component@^7.0.1:
  version "7.1.0"
  resolved "https://registry.yarnpkg.com/vue-class-component/-/vue-class-component-7.1.0.tgz#b33efcb10e17236d684f70b1e96f1946ec793e87"
  integrity sha512-G9152NzUkz0i0xTfhk0Afc8vzdXxDR1pfN4dTwE72cskkgJtdXfrKBkMfGvDuxUh35U500g5Ve4xL8PEGdWeHg==

vue-client-only@^2.0.0:
  version "2.0.0"
  resolved "https://registry.yarnpkg.com/vue-client-only/-/vue-client-only-2.0.0.tgz#ddad8d675ee02c761a14229f0e440e219de1da1c"
  integrity sha512-arhk1wtWAfLsJyxGMoEYhoBowM87/i6HLSG2LH/03Yog6i2d9JEN1peMP0Ceis+/n9DxdenGYZZTxbPPJyHciA==

vue-meta@^2.2.1:
  version "2.2.2"
  resolved "https://registry.yarnpkg.com/vue-meta/-/vue-meta-2.2.2.tgz#ec6be76d75b7d6e4abb6d995d92245487081428b"
  integrity sha512-aSzjfc5xV3szxPZMsSk6JeoHUqwrVHNPzpMciTCek56LDd2xKWCv+Ch4IGWL5EIxVyfxA+krsD7T11PTyLY4TQ==
  dependencies:
    deepmerge "^4.0.0"

vue-no-ssr@^1.1.1:
  version "1.1.1"
  resolved "https://registry.yarnpkg.com/vue-no-ssr/-/vue-no-ssr-1.1.1.tgz#875f3be6fb0ae41568a837f3ac1a80eaa137b998"
  integrity sha512-ZMjqRpWabMPqPc7gIrG0Nw6vRf1+itwf0Itft7LbMXs2g3Zs/NFmevjZGN1x7K3Q95GmIjWbQZTVerxiBxI+0g==

vue-property-decorator@^8.2.1:
  version "8.2.2"
  resolved "https://registry.yarnpkg.com/vue-property-decorator/-/vue-property-decorator-8.2.2.tgz#ac895e9508ee1bf86e3a28568d94d842c2c8e42f"
  integrity sha512-3gRrIeoUtjXvkoMX2stJsVs7805Pa9MXEndnk21ej+sWO7AIc5HF1TKqK0Pox5TEjpO02UbadIF0QWNrx6ZwXQ==
  dependencies:
    vue-class-component "^7.0.1"

vue-router@~3.0.7:
  version "3.0.7"
  resolved "https://registry.yarnpkg.com/vue-router/-/vue-router-3.0.7.tgz#b36ca107b4acb8ff5bc4ff824584059c23fcb87b"
  integrity sha512-utJ+QR3YlIC/6x6xq17UMXeAfxEvXA0VKD3PiSio7hBOZNusA1jXcbxZxVEfJunLp48oonjTepY8ORoIlRx/EQ==

vue-template-compiler@^2.6.10:
  version "2.6.10"
  resolved "https://registry.yarnpkg.com/vue-template-compiler/-/vue-template-compiler-2.6.10.tgz#323b4f3495f04faa3503337a82f5d6507799c9cc"
  integrity sha512-jVZkw4/I/HT5ZMvRnhv78okGusqe0+qH2A0Em0Cp8aq78+NK9TII263CDVz2QXZsIT+yyV/gZc/j/vlwa+Epyg==
  dependencies:
    de-indent "^1.0.2"
    he "^1.1.0"

vue@^2.6.10:
  version "2.6.10"
  resolved "https://registry.yarnpkg.com/vue/-/vue-2.6.10.tgz#a72b1a42a4d82a721ea438d1b6bf55e66195c637"
  integrity sha512-ImThpeNU9HbdZL3utgMCq0oiMzAkt1mcgy3/E6zWC/G6AaQoeuFdsl9nDhTDU3X1R6FK7nsIUuRACVcjI+A2GQ==

vuex@^3.1.1:
  version "3.1.1"
  resolved "https://registry.yarnpkg.com/vuex/-/vuex-3.1.1.tgz#0c264bfe30cdbccf96ab9db3177d211828a5910e"
  integrity sha512-ER5moSbLZuNSMBFnEBVGhQ1uCBNJslH9W/Dw2W7GZN23UQA69uapP5GTT9Vm8Trc0PzBSVt6LzF3hGjmv41xcg==
